// !$*UTF8*$!
{
	archiveVersion = 1;
	classes = {
	};
	objectVersion = 46;
	objects = {

/* Begin PBXBuildFile section */
		63F2ADE13E1F747351745129 /* Pods_WatchReminders.framework in Frameworks */ = {isa = PBXBuildFile; fileRef = 04C3405AEB58D30570579ADA /* Pods_WatchReminders.framework */; };
		AD9C1A971C82F72800EB8759 /* EventService.swift in Sources */ = {isa = PBXBuildFile; fileRef = AD9C1A961C82F72800EB8759 /* EventService.swift */; };
		AD9C1A981C82F74000EB8759 /* EventService.swift in Sources */ = {isa = PBXBuildFile; fileRef = AD9C1A961C82F72800EB8759 /* EventService.swift */; };
		AD9C1A9A1C82FB0E00EB8759 /* RemindersAbstractions.swift in Sources */ = {isa = PBXBuildFile; fileRef = AD9C1A991C82FB0E00EB8759 /* RemindersAbstractions.swift */; };
		AD9C1A9B1C82FB0E00EB8759 /* RemindersAbstractions.swift in Sources */ = {isa = PBXBuildFile; fileRef = AD9C1A991C82FB0E00EB8759 /* RemindersAbstractions.swift */; };
		ADBAF3A41C84AE9000868234 /* WCIphoneManager.swift in Sources */ = {isa = PBXBuildFile; fileRef = ADBAF3A31C84AE9000868234 /* WCIphoneManager.swift */; };
		ADBAF3A61C84AEB100868234 /* WCWatchManager.swift in Sources */ = {isa = PBXBuildFile; fileRef = ADBAF3A51C84AEB100868234 /* WCWatchManager.swift */; };
		ADD7F32D1C864B790023116E /* Constants.swift in Sources */ = {isa = PBXBuildFile; fileRef = ADD7F32C1C864B790023116E /* Constants.swift */; };
		ADD7F32E1C86569B0023116E /* Constants.swift in Sources */ = {isa = PBXBuildFile; fileRef = ADD7F32C1C864B790023116E /* Constants.swift */; };
		ADE24FA01C8279C800D88930 /* AppDelegate.swift in Sources */ = {isa = PBXBuildFile; fileRef = ADE24F9F1C8279C800D88930 /* AppDelegate.swift */; };
		ADE24FA21C8279C800D88930 /* ViewController.swift in Sources */ = {isa = PBXBuildFile; fileRef = ADE24FA11C8279C800D88930 /* ViewController.swift */; };
		ADE24FA51C8279C800D88930 /* Main.storyboard in Resources */ = {isa = PBXBuildFile; fileRef = ADE24FA31C8279C800D88930 /* Main.storyboard */; };
		ADE24FA71C8279C800D88930 /* Assets.xcassets in Resources */ = {isa = PBXBuildFile; fileRef = ADE24FA61C8279C800D88930 /* Assets.xcassets */; };
		ADE24FAA1C8279C800D88930 /* LaunchScreen.storyboard in Resources */ = {isa = PBXBuildFile; fileRef = ADE24FA81C8279C800D88930 /* LaunchScreen.storyboard */; };
		ADE24FAF1C8279C800D88930 /* WatchReminders WatchKit App.app in Embed Watch Content */ = {isa = PBXBuildFile; fileRef = ADE24FAE1C8279C800D88930 /* WatchReminders WatchKit App.app */; };
		ADE24FB51C8279C800D88930 /* Interface.storyboard in Resources */ = {isa = PBXBuildFile; fileRef = ADE24FB31C8279C800D88930 /* Interface.storyboard */; };
		ADE24FB71C8279C800D88930 /* Assets.xcassets in Resources */ = {isa = PBXBuildFile; fileRef = ADE24FB61C8279C800D88930 /* Assets.xcassets */; };
		ADE24FBE1C8279C800D88930 /* WatchReminders WatchKit Extension.appex in Embed App Extensions */ = {isa = PBXBuildFile; fileRef = ADE24FBD1C8279C800D88930 /* WatchReminders WatchKit Extension.appex */; settings = {ATTRIBUTES = (RemoveHeadersOnCopy, ); }; };
		ADE24FC51C8279C800D88930 /* ExtensionDelegate.swift in Sources */ = {isa = PBXBuildFile; fileRef = ADE24FC41C8279C800D88930 /* ExtensionDelegate.swift */; };
		ADE24FC71C8279C800D88930 /* Assets.xcassets in Resources */ = {isa = PBXBuildFile; fileRef = ADE24FC61C8279C800D88930 /* Assets.xcassets */; };
		ADE24FD71C82873600D88930 /* ListsInterfaceController.swift in Sources */ = {isa = PBXBuildFile; fileRef = ADE24FD61C82873600D88930 /* ListsInterfaceController.swift */; };
		ADE24FD91C82887600D88930 /* ListRowController.swift in Sources */ = {isa = PBXBuildFile; fileRef = ADE24FD81C82887600D88930 /* ListRowController.swift */; };
		ADE24FDB1C8295BA00D88930 /* InsideListInterfaceController.swift in Sources */ = {isa = PBXBuildFile; fileRef = ADE24FDA1C8295BA00D88930 /* InsideListInterfaceController.swift */; };
		ADE24FDD1C8295D500D88930 /* ReminderInterfaceController.swift in Sources */ = {isa = PBXBuildFile; fileRef = ADE24FDC1C8295D500D88930 /* ReminderInterfaceController.swift */; };
/* End PBXBuildFile section */

/* Begin PBXContainerItemProxy section */
		ADE24FB01C8279C800D88930 /* PBXContainerItemProxy */ = {
			isa = PBXContainerItemProxy;
			containerPortal = ADE24F941C8279C800D88930 /* Project object */;
			proxyType = 1;
			remoteGlobalIDString = ADE24FAD1C8279C800D88930;
			remoteInfo = "WatchReminders WatchKit App";
		};
		ADE24FBF1C8279C800D88930 /* PBXContainerItemProxy */ = {
			isa = PBXContainerItemProxy;
			containerPortal = ADE24F941C8279C800D88930 /* Project object */;
			proxyType = 1;
			remoteGlobalIDString = ADE24FBC1C8279C800D88930;
			remoteInfo = "WatchReminders WatchKit Extension";
		};
/* End PBXContainerItemProxy section */

/* Begin PBXCopyFilesBuildPhase section */
		ADE24FCE1C8279C800D88930 /* Embed App Extensions */ = {
			isa = PBXCopyFilesBuildPhase;
			buildActionMask = 2147483647;
			dstPath = "";
			dstSubfolderSpec = 13;
			files = (
				ADE24FBE1C8279C800D88930 /* WatchReminders WatchKit Extension.appex in Embed App Extensions */,
			);
			name = "Embed App Extensions";
			runOnlyForDeploymentPostprocessing = 0;
		};
		ADE24FD21C8279C800D88930 /* Embed Watch Content */ = {
			isa = PBXCopyFilesBuildPhase;
			buildActionMask = 2147483647;
			dstPath = "$(CONTENTS_FOLDER_PATH)/Watch";
			dstSubfolderSpec = 16;
			files = (
				ADE24FAF1C8279C800D88930 /* WatchReminders WatchKit App.app in Embed Watch Content */,
			);
			name = "Embed Watch Content";
			runOnlyForDeploymentPostprocessing = 0;
		};
/* End PBXCopyFilesBuildPhase section */

/* Begin PBXFileReference section */
		04C3405AEB58D30570579ADA /* Pods_WatchReminders.framework */ = {isa = PBXFileReference; explicitFileType = wrapper.framework; includeInIndex = 0; path = Pods_WatchReminders.framework; sourceTree = BUILT_PRODUCTS_DIR; };
		45D02DDC71D45388C9D6E46A /* Pods-WatchReminders.release.xcconfig */ = {isa = PBXFileReference; includeInIndex = 1; lastKnownFileType = text.xcconfig; name = "Pods-WatchReminders.release.xcconfig"; path = "Pods/Target Support Files/Pods-WatchReminders/Pods-WatchReminders.release.xcconfig"; sourceTree = "<group>"; };
		7F5E05F3F42ACBEF38CE8636 /* Pods-WatchReminders.debug.xcconfig */ = {isa = PBXFileReference; includeInIndex = 1; lastKnownFileType = text.xcconfig; name = "Pods-WatchReminders.debug.xcconfig"; path = "Pods/Target Support Files/Pods-WatchReminders/Pods-WatchReminders.debug.xcconfig"; sourceTree = "<group>"; };
		AD9C1A961C82F72800EB8759 /* EventService.swift */ = {isa = PBXFileReference; fileEncoding = 4; lastKnownFileType = sourcecode.swift; path = EventService.swift; sourceTree = "<group>"; };
		AD9C1A991C82FB0E00EB8759 /* RemindersAbstractions.swift */ = {isa = PBXFileReference; fileEncoding = 4; lastKnownFileType = sourcecode.swift; path = RemindersAbstractions.swift; sourceTree = "<group>"; };
		ADBAF3A31C84AE9000868234 /* WCIphoneManager.swift */ = {isa = PBXFileReference; fileEncoding = 4; lastKnownFileType = sourcecode.swift; path = WCIphoneManager.swift; sourceTree = "<group>"; };
		ADBAF3A51C84AEB100868234 /* WCWatchManager.swift */ = {isa = PBXFileReference; fileEncoding = 4; lastKnownFileType = sourcecode.swift; path = WCWatchManager.swift; sourceTree = "<group>"; };
		ADD7F32C1C864B790023116E /* Constants.swift */ = {isa = PBXFileReference; fileEncoding = 4; lastKnownFileType = sourcecode.swift; name = Constants.swift; path = "WatchReminders WatchKit Extension/Constants.swift"; sourceTree = SOURCE_ROOT; };
		ADE24F9C1C8279C800D88930 /* WatchReminders.app */ = {isa = PBXFileReference; explicitFileType = wrapper.application; includeInIndex = 0; path = WatchReminders.app; sourceTree = BUILT_PRODUCTS_DIR; };
		ADE24F9F1C8279C800D88930 /* AppDelegate.swift */ = {isa = PBXFileReference; lastKnownFileType = sourcecode.swift; path = AppDelegate.swift; sourceTree = "<group>"; };
		ADE24FA11C8279C800D88930 /* ViewController.swift */ = {isa = PBXFileReference; lastKnownFileType = sourcecode.swift; path = ViewController.swift; sourceTree = "<group>"; };
		ADE24FA41C8279C800D88930 /* Base */ = {isa = PBXFileReference; lastKnownFileType = file.storyboard; name = Base; path = Base.lproj/Main.storyboard; sourceTree = "<group>"; };
		ADE24FA61C8279C800D88930 /* Assets.xcassets */ = {isa = PBXFileReference; lastKnownFileType = folder.assetcatalog; path = Assets.xcassets; sourceTree = "<group>"; };
		ADE24FA91C8279C800D88930 /* Base */ = {isa = PBXFileReference; lastKnownFileType = file.storyboard; name = Base; path = Base.lproj/LaunchScreen.storyboard; sourceTree = "<group>"; };
		ADE24FAB1C8279C800D88930 /* Info.plist */ = {isa = PBXFileReference; lastKnownFileType = text.plist.xml; path = Info.plist; sourceTree = "<group>"; };
		ADE24FAE1C8279C800D88930 /* WatchReminders WatchKit App.app */ = {isa = PBXFileReference; explicitFileType = wrapper.application; includeInIndex = 0; path = "WatchReminders WatchKit App.app"; sourceTree = BUILT_PRODUCTS_DIR; };
		ADE24FB41C8279C800D88930 /* Base */ = {isa = PBXFileReference; lastKnownFileType = file.storyboard; name = Base; path = Base.lproj/Interface.storyboard; sourceTree = "<group>"; };
		ADE24FB61C8279C800D88930 /* Assets.xcassets */ = {isa = PBXFileReference; lastKnownFileType = folder.assetcatalog; path = Assets.xcassets; sourceTree = "<group>"; };
		ADE24FB81C8279C800D88930 /* Info.plist */ = {isa = PBXFileReference; lastKnownFileType = text.plist.xml; path = Info.plist; sourceTree = "<group>"; };
		ADE24FBD1C8279C800D88930 /* WatchReminders WatchKit Extension.appex */ = {isa = PBXFileReference; explicitFileType = "wrapper.app-extension"; includeInIndex = 0; path = "WatchReminders WatchKit Extension.appex"; sourceTree = BUILT_PRODUCTS_DIR; };
		ADE24FC41C8279C800D88930 /* ExtensionDelegate.swift */ = {isa = PBXFileReference; lastKnownFileType = sourcecode.swift; path = ExtensionDelegate.swift; sourceTree = "<group>"; };
		ADE24FC61C8279C800D88930 /* Assets.xcassets */ = {isa = PBXFileReference; lastKnownFileType = folder.assetcatalog; path = Assets.xcassets; sourceTree = "<group>"; };
		ADE24FC81C8279C800D88930 /* Info.plist */ = {isa = PBXFileReference; lastKnownFileType = text.plist.xml; path = Info.plist; sourceTree = "<group>"; };
		ADE24FD61C82873600D88930 /* ListsInterfaceController.swift */ = {isa = PBXFileReference; fileEncoding = 4; lastKnownFileType = sourcecode.swift; path = ListsInterfaceController.swift; sourceTree = "<group>"; };
		ADE24FD81C82887600D88930 /* ListRowController.swift */ = {isa = PBXFileReference; fileEncoding = 4; lastKnownFileType = sourcecode.swift; path = ListRowController.swift; sourceTree = "<group>"; };
		ADE24FDA1C8295BA00D88930 /* InsideListInterfaceController.swift */ = {isa = PBXFileReference; fileEncoding = 4; lastKnownFileType = sourcecode.swift; path = InsideListInterfaceController.swift; sourceTree = "<group>"; };
		ADE24FDC1C8295D500D88930 /* ReminderInterfaceController.swift */ = {isa = PBXFileReference; fileEncoding = 4; lastKnownFileType = sourcecode.swift; path = ReminderInterfaceController.swift; sourceTree = "<group>"; };
/* End PBXFileReference section */

/* Begin PBXFrameworksBuildPhase section */
		ADE24F991C8279C800D88930 /* Frameworks */ = {
			isa = PBXFrameworksBuildPhase;
			buildActionMask = 2147483647;
			files = (
				63F2ADE13E1F747351745129 /* Pods_WatchReminders.framework in Frameworks */,
			);
			runOnlyForDeploymentPostprocessing = 0;
		};
		ADE24FBA1C8279C800D88930 /* Frameworks */ = {
			isa = PBXFrameworksBuildPhase;
			buildActionMask = 2147483647;
			files = (
			);
			runOnlyForDeploymentPostprocessing = 0;
		};
/* End PBXFrameworksBuildPhase section */

/* Begin PBXGroup section */
		36C05353618B64C00E4D70B5 /* Frameworks */ = {
			isa = PBXGroup;
			children = (
				04C3405AEB58D30570579ADA /* Pods_WatchReminders.framework */,
			);
			name = Frameworks;
			sourceTree = "<group>";
		};
		A5668E60594E318EA24FF7BD /* Pods */ = {
			isa = PBXGroup;
			children = (
				7F5E05F3F42ACBEF38CE8636 /* Pods-WatchReminders.debug.xcconfig */,
				45D02DDC71D45388C9D6E46A /* Pods-WatchReminders.release.xcconfig */,
			);
			name = Pods;
			sourceTree = "<group>";
		};
		AD9C1A9C1C8300B400EB8759 /* Common */ = {
			isa = PBXGroup;
			children = (
				ADD7F32C1C864B790023116E /* Constants.swift */,
				AD9C1A961C82F72800EB8759 /* EventService.swift */,
				AD9C1A991C82FB0E00EB8759 /* RemindersAbstractions.swift */,
			);
			name = Common;
			path = WatchReminders;
			sourceTree = "<group>";
		};
		ADE24F931C8279C800D88930 = {
			isa = PBXGroup;
			children = (
				ADE24F9E1C8279C800D88930 /* WatchReminders */,
				AD9C1A9C1C8300B400EB8759 /* Common */,
				ADE24FB21C8279C800D88930 /* WatchReminders WatchKit App */,
				ADE24FC11C8279C800D88930 /* WatchReminders WatchKit Extension */,
				ADE24F9D1C8279C800D88930 /* Products */,
				A5668E60594E318EA24FF7BD /* Pods */,
				36C05353618B64C00E4D70B5 /* Frameworks */,
			);
			sourceTree = "<group>";
		};
		ADE24F9D1C8279C800D88930 /* Products */ = {
			isa = PBXGroup;
			children = (
				ADE24F9C1C8279C800D88930 /* WatchReminders.app */,
				ADE24FAE1C8279C800D88930 /* WatchReminders WatchKit App.app */,
				ADE24FBD1C8279C800D88930 /* WatchReminders WatchKit Extension.appex */,
			);
			name = Products;
			sourceTree = "<group>";
		};
		ADE24F9E1C8279C800D88930 /* WatchReminders */ = {
			isa = PBXGroup;
			children = (
				ADE24F9F1C8279C800D88930 /* AppDelegate.swift */,
				ADE24FA11C8279C800D88930 /* ViewController.swift */,
				ADBAF3A31C84AE9000868234 /* WCIphoneManager.swift */,
				ADE24FA31C8279C800D88930 /* Main.storyboard */,
				ADE24FA61C8279C800D88930 /* Assets.xcassets */,
				ADE24FA81C8279C800D88930 /* LaunchScreen.storyboard */,
				ADE24FAB1C8279C800D88930 /* Info.plist */,
			);
			path = WatchReminders;
			sourceTree = "<group>";
		};
		ADE24FB21C8279C800D88930 /* WatchReminders WatchKit App */ = {
			isa = PBXGroup;
			children = (
				ADE24FB31C8279C800D88930 /* Interface.storyboard */,
				ADE24FB61C8279C800D88930 /* Assets.xcassets */,
				ADE24FB81C8279C800D88930 /* Info.plist */,
			);
			path = "WatchReminders WatchKit App";
			sourceTree = "<group>";
		};
		ADE24FC11C8279C800D88930 /* WatchReminders WatchKit Extension */ = {
			isa = PBXGroup;
			children = (
				ADE24FC41C8279C800D88930 /* ExtensionDelegate.swift */,
				ADE24FDA1C8295BA00D88930 /* InsideListInterfaceController.swift */,
				ADBAF3A51C84AEB100868234 /* WCWatchManager.swift */,
				ADE24FDC1C8295D500D88930 /* ReminderInterfaceController.swift */,
				ADE24FD61C82873600D88930 /* ListsInterfaceController.swift */,
				ADE24FD81C82887600D88930 /* ListRowController.swift */,
				ADE24FC61C8279C800D88930 /* Assets.xcassets */,
				ADE24FC81C8279C800D88930 /* Info.plist */,
			);
			path = "WatchReminders WatchKit Extension";
			sourceTree = "<group>";
		};
/* End PBXGroup section */

/* Begin PBXNativeTarget section */
		ADE24F9B1C8279C800D88930 /* WatchReminders */ = {
			isa = PBXNativeTarget;
			buildConfigurationList = ADE24FD31C8279C800D88930 /* Build configuration list for PBXNativeTarget "WatchReminders" */;
			buildPhases = (
				331D727B6FC0648812ACE0C0 /* Check Pods Manifest.lock */,
				ADE24F981C8279C800D88930 /* Sources */,
				ADE24F991C8279C800D88930 /* Frameworks */,
				ADE24F9A1C8279C800D88930 /* Resources */,
				ADE24FD21C8279C800D88930 /* Embed Watch Content */,
				F5DD5D1201C0EE461F0158F1 /* Embed Pods Frameworks */,
				53C1A49A6297128A91749B14 /* Copy Pods Resources */,
				AD9452CB1C9364E000D98E0B /* ShellScript */,
			);
			buildRules = (
			);
			dependencies = (
				ADE24FB11C8279C800D88930 /* PBXTargetDependency */,
			);
			name = WatchReminders;
			productName = WatchReminders;
			productReference = ADE24F9C1C8279C800D88930 /* WatchReminders.app */;
			productType = "com.apple.product-type.application";
		};
		ADE24FAD1C8279C800D88930 /* WatchReminders WatchKit App */ = {
			isa = PBXNativeTarget;
			buildConfigurationList = ADE24FCF1C8279C800D88930 /* Build configuration list for PBXNativeTarget "WatchReminders WatchKit App" */;
			buildPhases = (
				ADE24FAC1C8279C800D88930 /* Resources */,
				ADE24FCE1C8279C800D88930 /* Embed App Extensions */,
			);
			buildRules = (
			);
			dependencies = (
				ADE24FC01C8279C800D88930 /* PBXTargetDependency */,
			);
			name = "WatchReminders WatchKit App";
			productName = "WatchReminders WatchKit App";
			productReference = ADE24FAE1C8279C800D88930 /* WatchReminders WatchKit App.app */;
			productType = "com.apple.product-type.application.watchapp2";
		};
		ADE24FBC1C8279C800D88930 /* WatchReminders WatchKit Extension */ = {
			isa = PBXNativeTarget;
			buildConfigurationList = ADE24FCB1C8279C800D88930 /* Build configuration list for PBXNativeTarget "WatchReminders WatchKit Extension" */;
			buildPhases = (
				ADE24FB91C8279C800D88930 /* Sources */,
				ADE24FBA1C8279C800D88930 /* Frameworks */,
				ADE24FBB1C8279C800D88930 /* Resources */,
			);
			buildRules = (
			);
			dependencies = (
			);
			name = "WatchReminders WatchKit Extension";
			productName = "WatchReminders WatchKit Extension";
			productReference = ADE24FBD1C8279C800D88930 /* WatchReminders WatchKit Extension.appex */;
			productType = "com.apple.product-type.watchkit2-extension";
		};
/* End PBXNativeTarget section */

/* Begin PBXProject section */
		ADE24F941C8279C800D88930 /* Project object */ = {
			isa = PBXProject;
			attributes = {
				LastSwiftUpdateCheck = 0720;
				LastUpgradeCheck = 0720;
				ORGANIZATIONNAME = "Ivan Grachev";
				TargetAttributes = {
					ADE24F9B1C8279C800D88930 = {
						CreatedOnToolsVersion = 7.2;
						DevelopmentTeam = 8DXC3N7E7P;
					};
					ADE24FAD1C8279C800D88930 = {
						CreatedOnToolsVersion = 7.2;
						DevelopmentTeam = 8DXC3N7E7P;
					};
					ADE24FBC1C8279C800D88930 = {
						CreatedOnToolsVersion = 7.2;
						DevelopmentTeam = 8DXC3N7E7P;
					};
				};
			};
			buildConfigurationList = ADE24F971C8279C800D88930 /* Build configuration list for PBXProject "WatchReminders" */;
			compatibilityVersion = "Xcode 3.2";
			developmentRegion = English;
			hasScannedForEncodings = 0;
			knownRegions = (
				en,
				Base,
			);
			mainGroup = ADE24F931C8279C800D88930;
			productRefGroup = ADE24F9D1C8279C800D88930 /* Products */;
			projectDirPath = "";
			projectRoot = "";
			targets = (
				ADE24F9B1C8279C800D88930 /* WatchReminders */,
				ADE24FAD1C8279C800D88930 /* WatchReminders WatchKit App */,
				ADE24FBC1C8279C800D88930 /* WatchReminders WatchKit Extension */,
			);
		};
/* End PBXProject section */

/* Begin PBXResourcesBuildPhase section */
		ADE24F9A1C8279C800D88930 /* Resources */ = {
			isa = PBXResourcesBuildPhase;
			buildActionMask = 2147483647;
			files = (
				ADE24FAA1C8279C800D88930 /* LaunchScreen.storyboard in Resources */,
				ADE24FA71C8279C800D88930 /* Assets.xcassets in Resources */,
				ADE24FA51C8279C800D88930 /* Main.storyboard in Resources */,
			);
			runOnlyForDeploymentPostprocessing = 0;
		};
		ADE24FAC1C8279C800D88930 /* Resources */ = {
			isa = PBXResourcesBuildPhase;
			buildActionMask = 2147483647;
			files = (
				ADE24FB71C8279C800D88930 /* Assets.xcassets in Resources */,
				ADE24FB51C8279C800D88930 /* Interface.storyboard in Resources */,
			);
			runOnlyForDeploymentPostprocessing = 0;
		};
		ADE24FBB1C8279C800D88930 /* Resources */ = {
			isa = PBXResourcesBuildPhase;
			buildActionMask = 2147483647;
			files = (
				ADE24FC71C8279C800D88930 /* Assets.xcassets in Resources */,
			);
			runOnlyForDeploymentPostprocessing = 0;
		};
/* End PBXResourcesBuildPhase section */

/* Begin PBXShellScriptBuildPhase section */
		331D727B6FC0648812ACE0C0 /* Check Pods Manifest.lock */ = {
			isa = PBXShellScriptBuildPhase;
			buildActionMask = 2147483647;
			files = (
			);
			inputPaths = (
			);
			name = "Check Pods Manifest.lock";
			outputPaths = (
			);
			runOnlyForDeploymentPostprocessing = 0;
			shellPath = /bin/sh;
			shellScript = "diff \"${PODS_ROOT}/../Podfile.lock\" \"${PODS_ROOT}/Manifest.lock\" > /dev/null\nif [[ $? != 0 ]] ; then\n    cat << EOM\nerror: The sandbox is not in sync with the Podfile.lock. Run 'pod install' or update your CocoaPods installation.\nEOM\n    exit 1\nfi\n";
			showEnvVarsInLog = 0;
		};
		53C1A49A6297128A91749B14 /* Copy Pods Resources */ = {
			isa = PBXShellScriptBuildPhase;
			buildActionMask = 2147483647;
			files = (
			);
			inputPaths = (
			);
			name = "Copy Pods Resources";
			outputPaths = (
			);
			runOnlyForDeploymentPostprocessing = 0;
			shellPath = /bin/sh;
			shellScript = "\"${SRCROOT}/Pods/Target Support Files/Pods-WatchReminders/Pods-WatchReminders-resources.sh\"\n";
			showEnvVarsInLog = 0;
		};
		AD9452CB1C9364E000D98E0B /* ShellScript */ = {
			isa = PBXShellScriptBuildPhase;
			buildActionMask = 2147483647;
			files = (
			);
			inputPaths = (
			);
			outputPaths = (
			);
			runOnlyForDeploymentPostprocessing = 0;
			shellPath = /bin/sh;
			shellScript = "\"${PODS_ROOT}/Fabric/run\" 4cb88fa994426d0fbbc90be36d4db29ae3b660c2 727a76d3b12c0f4b1404d8501d75a55843fd37bc2c8f98a65de57a90f9915941";
		};
		F5DD5D1201C0EE461F0158F1 /* Embed Pods Frameworks */ = {
			isa = PBXShellScriptBuildPhase;
			buildActionMask = 2147483647;
			files = (
			);
			inputPaths = (
			);
			name = "Embed Pods Frameworks";
			outputPaths = (
			);
			runOnlyForDeploymentPostprocessing = 0;
			shellPath = /bin/sh;
			shellScript = "\"${SRCROOT}/Pods/Target Support Files/Pods-WatchReminders/Pods-WatchReminders-frameworks.sh\"\n";
			showEnvVarsInLog = 0;
		};
/* End PBXShellScriptBuildPhase section */

/* Begin PBXSourcesBuildPhase section */
		ADE24F981C8279C800D88930 /* Sources */ = {
			isa = PBXSourcesBuildPhase;
			buildActionMask = 2147483647;
			files = (
				ADBAF3A41C84AE9000868234 /* WCIphoneManager.swift in Sources */,
				AD9C1A9A1C82FB0E00EB8759 /* RemindersAbstractions.swift in Sources */,
				AD9C1A971C82F72800EB8759 /* EventService.swift in Sources */,
				ADE24FA21C8279C800D88930 /* ViewController.swift in Sources */,
				ADE24FA01C8279C800D88930 /* AppDelegate.swift in Sources */,
				ADD7F32E1C86569B0023116E /* Constants.swift in Sources */,
			);
			runOnlyForDeploymentPostprocessing = 0;
		};
		ADE24FB91C8279C800D88930 /* Sources */ = {
			isa = PBXSourcesBuildPhase;
			buildActionMask = 2147483647;
			files = (
				AD9C1A981C82F74000EB8759 /* EventService.swift in Sources */,
				ADE24FD71C82873600D88930 /* ListsInterfaceController.swift in Sources */,
				ADE24FC51C8279C800D88930 /* ExtensionDelegate.swift in Sources */,
				ADBAF3A61C84AEB100868234 /* WCWatchManager.swift in Sources */,
				ADE24FD91C82887600D88930 /* ListRowController.swift in Sources */,
				ADE24FDD1C8295D500D88930 /* ReminderInterfaceController.swift in Sources */,
				AD9C1A9B1C82FB0E00EB8759 /* RemindersAbstractions.swift in Sources */,
				ADE24FDB1C8295BA00D88930 /* InsideListInterfaceController.swift in Sources */,
				ADD7F32D1C864B790023116E /* Constants.swift in Sources */,
			);
			runOnlyForDeploymentPostprocessing = 0;
		};
/* End PBXSourcesBuildPhase section */

/* Begin PBXTargetDependency section */
		ADE24FB11C8279C800D88930 /* PBXTargetDependency */ = {
			isa = PBXTargetDependency;
			target = ADE24FAD1C8279C800D88930 /* WatchReminders WatchKit App */;
			targetProxy = ADE24FB01C8279C800D88930 /* PBXContainerItemProxy */;
		};
		ADE24FC01C8279C800D88930 /* PBXTargetDependency */ = {
			isa = PBXTargetDependency;
			target = ADE24FBC1C8279C800D88930 /* WatchReminders WatchKit Extension */;
			targetProxy = ADE24FBF1C8279C800D88930 /* PBXContainerItemProxy */;
		};
/* End PBXTargetDependency section */

/* Begin PBXVariantGroup section */
		ADE24FA31C8279C800D88930 /* Main.storyboard */ = {
			isa = PBXVariantGroup;
			children = (
				ADE24FA41C8279C800D88930 /* Base */,
			);
			name = Main.storyboard;
			sourceTree = "<group>";
		};
		ADE24FA81C8279C800D88930 /* LaunchScreen.storyboard */ = {
			isa = PBXVariantGroup;
			children = (
				ADE24FA91C8279C800D88930 /* Base */,
			);
			name = LaunchScreen.storyboard;
			sourceTree = "<group>";
		};
		ADE24FB31C8279C800D88930 /* Interface.storyboard */ = {
			isa = PBXVariantGroup;
			children = (
				ADE24FB41C8279C800D88930 /* Base */,
			);
			name = Interface.storyboard;
			sourceTree = "<group>";
		};
/* End PBXVariantGroup section */

/* Begin XCBuildConfiguration section */
		ADE24FC91C8279C800D88930 /* Debug */ = {
			isa = XCBuildConfiguration;
			buildSettings = {
				ALWAYS_SEARCH_USER_PATHS = NO;
				CLANG_CXX_LANGUAGE_STANDARD = "gnu++0x";
				CLANG_CXX_LIBRARY = "libc++";
				CLANG_ENABLE_MODULES = YES;
				CLANG_ENABLE_OBJC_ARC = YES;
				CLANG_WARN_BOOL_CONVERSION = YES;
				CLANG_WARN_CONSTANT_CONVERSION = YES;
				CLANG_WARN_DIRECT_OBJC_ISA_USAGE = YES_ERROR;
				CLANG_WARN_EMPTY_BODY = YES;
				CLANG_WARN_ENUM_CONVERSION = YES;
				CLANG_WARN_INT_CONVERSION = YES;
				CLANG_WARN_OBJC_ROOT_CLASS = YES_ERROR;
				CLANG_WARN_UNREACHABLE_CODE = YES;
				CLANG_WARN__DUPLICATE_METHOD_MATCH = YES;
				"CODE_SIGN_IDENTITY[sdk=iphoneos*]" = "iPhone Developer";
				COPY_PHASE_STRIP = NO;
				DEBUG_INFORMATION_FORMAT = "dwarf-with-dsym";
				ENABLE_STRICT_OBJC_MSGSEND = YES;
				ENABLE_TESTABILITY = YES;
				GCC_C_LANGUAGE_STANDARD = gnu99;
				GCC_DYNAMIC_NO_PIC = NO;
				GCC_NO_COMMON_BLOCKS = YES;
				GCC_OPTIMIZATION_LEVEL = 0;
				GCC_PREPROCESSOR_DEFINITIONS = (
					"DEBUG=1",
					"$(inherited)",
				);
				GCC_WARN_64_TO_32_BIT_CONVERSION = YES;
				GCC_WARN_ABOUT_RETURN_TYPE = YES_ERROR;
				GCC_WARN_UNDECLARED_SELECTOR = YES;
				GCC_WARN_UNINITIALIZED_AUTOS = YES_AGGRESSIVE;
				GCC_WARN_UNUSED_FUNCTION = YES;
				GCC_WARN_UNUSED_VARIABLE = YES;
				IPHONEOS_DEPLOYMENT_TARGET = 9.2;
				MTL_ENABLE_DEBUG_INFO = YES;
				ONLY_ACTIVE_ARCH = YES;
				SDKROOT = iphoneos;
				SWIFT_OPTIMIZATION_LEVEL = "-Onone";
			};
			name = Debug;
		};
		ADE24FCA1C8279C800D88930 /* Release */ = {
			isa = XCBuildConfiguration;
			buildSettings = {
				ALWAYS_SEARCH_USER_PATHS = NO;
				CLANG_CXX_LANGUAGE_STANDARD = "gnu++0x";
				CLANG_CXX_LIBRARY = "libc++";
				CLANG_ENABLE_MODULES = YES;
				CLANG_ENABLE_OBJC_ARC = YES;
				CLANG_WARN_BOOL_CONVERSION = YES;
				CLANG_WARN_CONSTANT_CONVERSION = YES;
				CLANG_WARN_DIRECT_OBJC_ISA_USAGE = YES_ERROR;
				CLANG_WARN_EMPTY_BODY = YES;
				CLANG_WARN_ENUM_CONVERSION = YES;
				CLANG_WARN_INT_CONVERSION = YES;
				CLANG_WARN_OBJC_ROOT_CLASS = YES_ERROR;
				CLANG_WARN_UNREACHABLE_CODE = YES;
				CLANG_WARN__DUPLICATE_METHOD_MATCH = YES;
				"CODE_SIGN_IDENTITY[sdk=iphoneos*]" = "iPhone Developer";
				COPY_PHASE_STRIP = NO;
				DEBUG_INFORMATION_FORMAT = "dwarf-with-dsym";
				ENABLE_NS_ASSERTIONS = NO;
				ENABLE_STRICT_OBJC_MSGSEND = YES;
				GCC_C_LANGUAGE_STANDARD = gnu99;
				GCC_NO_COMMON_BLOCKS = YES;
				GCC_WARN_64_TO_32_BIT_CONVERSION = YES;
				GCC_WARN_ABOUT_RETURN_TYPE = YES_ERROR;
				GCC_WARN_UNDECLARED_SELECTOR = YES;
				GCC_WARN_UNINITIALIZED_AUTOS = YES_AGGRESSIVE;
				GCC_WARN_UNUSED_FUNCTION = YES;
				GCC_WARN_UNUSED_VARIABLE = YES;
				IPHONEOS_DEPLOYMENT_TARGET = 9.2;
				MTL_ENABLE_DEBUG_INFO = NO;
				SDKROOT = iphoneos;
				VALIDATE_PRODUCT = YES;
			};
			name = Release;
		};
		ADE24FCC1C8279C800D88930 /* Debug */ = {
			isa = XCBuildConfiguration;
			buildSettings = {
				CODE_SIGN_IDENTITY = "iPhone Developer";
				INFOPLIST_FILE = "WatchReminders WatchKit Extension/Info.plist";
				LD_RUNPATH_SEARCH_PATHS = "$(inherited) @executable_path/Frameworks @executable_path/../../Frameworks";
				PRODUCT_BUNDLE_IDENTIFIER = com.grachyov.RemindersOnWatch.watchkitapp.watchkitextension;
				PRODUCT_NAME = "${TARGET_NAME}";
				SDKROOT = watchos;
				SKIP_INSTALL = YES;
				TARGETED_DEVICE_FAMILY = 4;
				WATCHOS_DEPLOYMENT_TARGET = 2.1;
			};
			name = Debug;
		};
		ADE24FCD1C8279C800D88930 /* Release */ = {
			isa = XCBuildConfiguration;
			buildSettings = {
				CODE_SIGN_IDENTITY = "iPhone Developer";
				INFOPLIST_FILE = "WatchReminders WatchKit Extension/Info.plist";
				LD_RUNPATH_SEARCH_PATHS = "$(inherited) @executable_path/Frameworks @executable_path/../../Frameworks";
				PRODUCT_BUNDLE_IDENTIFIER = com.grachyov.RemindersOnWatch.watchkitapp.watchkitextension;
				PRODUCT_NAME = "${TARGET_NAME}";
				SDKROOT = watchos;
				SKIP_INSTALL = YES;
				TARGETED_DEVICE_FAMILY = 4;
				WATCHOS_DEPLOYMENT_TARGET = 2.1;
			};
			name = Release;
		};
		ADE24FD01C8279C800D88930 /* Debug */ = {
			isa = XCBuildConfiguration;
			buildSettings = {
				ASSETCATALOG_COMPILER_APPICON_NAME = AppIcon;
				CODE_SIGN_IDENTITY = "iPhone Developer";
				EMBEDDED_CONTENT_CONTAINS_SWIFT = YES;
				IBSC_MODULE = WatchReminders_WatchKit_Extension;
				INFOPLIST_FILE = "WatchReminders WatchKit App/Info.plist";
				PRODUCT_BUNDLE_IDENTIFIER = com.grachyov.RemindersOnWatch.watchkitapp;
				PRODUCT_NAME = "$(TARGET_NAME)";
				SDKROOT = watchos;
				SKIP_INSTALL = YES;
				TARGETED_DEVICE_FAMILY = 4;
				WATCHOS_DEPLOYMENT_TARGET = 2.1;
			};
			name = Debug;
		};
		ADE24FD11C8279C800D88930 /* Release */ = {
			isa = XCBuildConfiguration;
			buildSettings = {
				ASSETCATALOG_COMPILER_APPICON_NAME = AppIcon;
				CODE_SIGN_IDENTITY = "iPhone Developer";
				EMBEDDED_CONTENT_CONTAINS_SWIFT = YES;
				IBSC_MODULE = WatchReminders_WatchKit_Extension;
				INFOPLIST_FILE = "WatchReminders WatchKit App/Info.plist";
				PRODUCT_BUNDLE_IDENTIFIER = com.grachyov.RemindersOnWatch.watchkitapp;
				PRODUCT_NAME = "$(TARGET_NAME)";
				SDKROOT = watchos;
				SKIP_INSTALL = YES;
				TARGETED_DEVICE_FAMILY = 4;
				WATCHOS_DEPLOYMENT_TARGET = 2.1;
			};
			name = Release;
		};
		ADE24FD41C8279C800D88930 /* Debug */ = {
			isa = XCBuildConfiguration;
			baseConfigurationReference = 7F5E05F3F42ACBEF38CE8636 /* Pods-WatchReminders.debug.xcconfig */;
			buildSettings = {
				ASSETCATALOG_COMPILER_APPICON_NAME = AppIcon;
				CODE_SIGN_IDENTITY = "iPhone Developer";
				INFOPLIST_FILE = WatchReminders/Info.plist;
				LD_RUNPATH_SEARCH_PATHS = "$(inherited) @executable_path/Frameworks";
				PRODUCT_BUNDLE_IDENTIFIER = com.grachyov.RemindersOnWatch;
				PRODUCT_NAME = "$(TARGET_NAME)";
			};
			name = Debug;
		};
		ADE24FD51C8279C800D88930 /* Release */ = {
			isa = XCBuildConfiguration;
			baseConfigurationReference = 45D02DDC71D45388C9D6E46A /* Pods-WatchReminders.release.xcconfig */;
			buildSettings = {
				ASSETCATALOG_COMPILER_APPICON_NAME = AppIcon;
				CODE_SIGN_IDENTITY = "iPhone Developer";
				INFOPLIST_FILE = WatchReminders/Info.plist;
				LD_RUNPATH_SEARCH_PATHS = "$(inherited) @executable_path/Frameworks";
				PRODUCT_BUNDLE_IDENTIFIER = com.grachyov.RemindersOnWatch;
				PRODUCT_NAME = "$(TARGET_NAME)";
			};
			name = Release;
		};
/* End XCBuildConfiguration section */

/* Begin XCConfigurationList section */
		ADE24F971C8279C800D88930 /* Build configuration list for PBXProject "WatchReminders" */ = {
			isa = XCConfigurationList;
			buildConfigurations = (
				ADE24FC91C8279C800D88930 /* Debug */,
				ADE24FCA1C8279C800D88930 /* Release */,
			);
			defaultConfigurationIsVisible = 0;
			defaultConfigurationName = Release;
		};
		ADE24FCB1C8279C800D88930 /* Build configuration list for PBXNativeTarget "WatchReminders WatchKit Extension" */ = {
			isa = XCConfigurationList;
			buildConfigurations = (
				ADE24FCC1C8279C800D88930 /* Debug */,
				ADE24FCD1C8279C800D88930 /* Release */,
			);
			defaultConfigurationIsVisible = 0;
			defaultConfigurationName = Release;
		};
		ADE24FCF1C8279C800D88930 /* Build configuration list for PBXNativeTarget "WatchReminders WatchKit App" */ = {
			isa = XCConfigurationList;
			buildConfigurations = (
				ADE24FD01C8279C800D88930 /* Debug */,
				ADE24FD11C8279C800D88930 /* Release */,
			);
			defaultConfigurationIsVisible = 0;
			defaultConfigurationName = Release;
		};
		ADE24FD31C8279C800D88930 /* Build configuration list for PBXNativeTarget "WatchReminders" */ = {
			isa = XCConfigurationList;
			buildConfigurations = (
				ADE24FD41C8279C800D88930 /* Debug */,
				ADE24FD51C8279C800D88930 /* Release */,
			);
			defaultConfigurationIsVisible = 0;
			defaultConfigurationName = Release;
		};
/* End XCConfigurationList section */
	};
	rootObject = ADE24F941C8279C800D88930 /* Project object */;
}
